{
    "_readme": [
        "This file locks the dependencies of your project to a known state",
        "Read more about it at https://getcomposer.org/doc/01-basic-usage.md#installing-dependencies",
        "This file is @generated automatically"
    ],
    "content-hash": "ac13bef12e8e91d7b5a200ac56f7f33f",
    "packages": [
        {
            "name": "siriusphp/validation",
            "version": "4.0.0",
            "source": {
                "type": "git",
                "url": "https://github.com/siriusphp/validation.git",
                "reference": "4704128b2b8e6fc781025e1594b337202478a197"
            },
            "dist": {
                "type": "zip",
                "url": "https://api.github.com/repos/siriusphp/validation/zipball/4704128b2b8e6fc781025e1594b337202478a197",
                "reference": "4704128b2b8e6fc781025e1594b337202478a197",
                "shasum": ""
            },
            "require": {
                "php": ">=8.0"
            },
            "require-dev": {
                "pestphp/pest": "*",
                "pestphp/pest-plugin-drift": "^2.5",
                "phpstan/phpstan": "^1.10"
            },
            "type": "library",
            "autoload": {
                "psr-4": {
                    "Sirius\\Validation\\": "src/"
                }
            },
            "notification-url": "https://packagist.org/downloads/",
            "license": [
                "MIT"
            ],
            "authors": [
                {
                    "name": "Adrian Miu",
                    "email": "adrian@adrianmiu.ro"
                }
            ],
            "description": "Data validation library. Validate arrays, array objects, domain models etc using a simple API. Easily add your own validators on top of the already dozens built-in validation rules",
            "keywords": [
                "form",
                "modeling",
                "sanitization",
                "security",
                "validation"
            ],
            "support": {
                "issues": "https://github.com/siriusphp/validation/issues",
                "source": "https://github.com/siriusphp/validation/tree/4.0.0"
            },
            "time": "2023-11-19T15:40:43+00:00"
        }
    ],
    "packages-dev": [],
    "aliases": [],
    "minimum-stability": "stable",
    "stability-flags": [],
    "prefer-stable": false,
    "prefer-lowest": false,
    "platform": [],
    "platform-dev": [],
    "plugin-api-version": "2.3.0"
}
